
Microsoft Visual Studio Solution File, Format Version 12.00
# Visual Studio Version 17
VisualStudioVersion = 17.11.35103.136
MinimumVisualStudioVersion = 10.0.40219.1
Project("{FAE04EC0-301F-11D3-BF4B-00C04F79EFBC}") = "DataNRO.CLI", "DataNRO.CLI\DataNRO.CLI.csproj", "{93082AD7-9525-4323-9F0B-B1D150A822D8}"
EndProject
Project("{FAE04EC0-301F-11D3-BF4B-00C04F79EFBC}") = "DataNRO", "DataNRO\DataNRO.csproj", "{BF737C20-1ED8-4CEE-B8A2-F099D559C80E}"
EndProject
Project("{FAE04EC0-301F-11D3-BF4B-00C04F79EFBC}") = "StarkSoftProxy", "StarkSoftProxy\StarkSoftProxy.csproj", "{6FC0AA75-CE40-4401-96F9-0ECF5A112ACC}"
EndProject
Project("{FAE04EC0-301F-11D3-BF4B-00C04F79EFBC}") = "DataNRO.TeaMobi", "DataNRO.TeaMobi\DataNRO.TeaMobi.csproj", "{AB875070-C555-46A0-953A-F577D5BC85C6}"
EndProject
Global
	GlobalSection(SolutionConfigurationPlatforms) = preSolution
		Debug|Any CPU = Debug|Any CPU
		Release|Any CPU = Release|Any CPU
	EndGlobalSection
	GlobalSection(ProjectConfigurationPlatforms) = postSolution
		{93082AD7-9525-4323-9F0B-B1D150A822D8}.Debug|Any CPU.ActiveCfg = Debug|Any CPU
		{93082AD7-9525-4323-9F0B-B1D150A822D8}.Debug|Any CPU.Build.0 = Debug|Any CPU
		{93082AD7-9525-4323-9F0B-B1D150A822D8}.Release|Any CPU.ActiveCfg = Release|Any CPU
		{93082AD7-9525-4323-9F0B-B1D150A822D8}.Release|Any CPU.Build.0 = Release|Any CPU
		{BF737C20-1ED8-4CEE-B8A2-F099D559C80E}.Debug|Any CPU.ActiveCfg = Debug|Any CPU
		{BF737C20-1ED8-4CEE-B8A2-F099D559C80E}.Debug|Any CPU.Build.0 = Debug|Any CPU
		{BF737C20-1ED8-4CEE-B8A2-F099D559C80E}.Release|Any CPU.ActiveCfg = Release|Any CPU
		{BF737C20-1ED8-4CEE-B8A2-F099D559C80E}.Release|Any CPU.Build.0 = Release|Any CPU
		{6FC0AA75-CE40-4401-96F9-0ECF5A112ACC}.Debug|Any CPU.ActiveCfg = Debug|Any CPU
		{6FC0AA75-CE40-4401-96F9-0ECF5A112ACC}.Debug|Any CPU.Build.0 = Debug|Any CPU
		{6FC0AA75-CE40-4401-96F9-0ECF5A112ACC}.Release|Any CPU.ActiveCfg = Release|Any CPU
		{6FC0AA75-CE40-4401-96F9-0ECF5A112ACC}.Release|Any CPU.Build.0 = Release|Any CPU
		{AB875070-C555-46A0-953A-F577D5BC85C6}.Debug|Any CPU.ActiveCfg = Debug|Any CPU
		{AB875070-C555-46A0-953A-F577D5BC85C6}.Debug|Any CPU.Build.0 = Debug|Any CPU
		{AB875070-C555-46A0-953A-F577D5BC85C6}.Release|Any CPU.ActiveCfg = Release|Any CPU
		{AB875070-C555-46A0-953A-F577D5BC85C6}.Release|Any CPU.Build.0 = Release|Any CPU
	EndGlobalSection
	GlobalSection(SolutionProperties) = preSolution
		HideSolutionNode = FALSE
	EndGlobalSection
	GlobalSection(ExtensibilityGlobals) = postSolution
		SolutionGuid = {15D7E77A-4613-4F79-8DD6-37FEF981BD42}
	EndGlobalSection
EndGlobal
